
Microsoft Visual Studio Solution File, Format Version 12.00
Project("{FAE04EC0-301F-11D3-BF4B-00C04F79EFBC}") = "Hussy.Net.Terminal", "src\Hussy.Net.Terminal\Hussy.Net.Terminal.csproj", "{14788585-4CAA-415C-8B29-B4E2BBDC9C66}"
EndProject
Project("{FAE04EC0-301F-11D3-BF4B-00C04F79EFBC}") = "Hussy.Net", "src\Hussy.Net\Hussy.Net.csproj", "{D518FE46-8221-4751-9D6A-6CD0E0779A2F}"
EndProject
Project("{2150E333-8FDC-42A3-9474-1A3956D46DE8}") = "src", "src", "{B43C73D9-7CA0-4D59-8ABE-AFD9A3F54361}"
EndProject
Project("{2150E333-8FDC-42A3-9474-1A3956D46DE8}") = "samples", "samples", "{C08B73E3-E9BB-44DE-AE74-647A442780D9}"
EndProject
Project("{FAE04EC0-301F-11D3-BF4B-00C04F79EFBC}") = "Hussy.Net.HelloWorld", "samples\Hussy.Net.HelloWorld\Hussy.Net.HelloWorld.csproj", "{F62EF1EB-4853-40E4-AF69-80BB5282270C}"
EndProject
Project("{FAE04EC0-301F-11D3-BF4B-00C04F79EFBC}") = "Hussy.Net.Logic", "samples\Hussy.Net.Logic\Hussy.Net.Logic.csproj", "{F04046C8-5B51-46C2-8603-27E402981AF0}"
EndProject
Project("{FAE04EC0-301F-11D3-BF4B-00C04F79EFBC}") = "Hussy.Net.FizzBuzz", "samples\Hussy.Net.FizzBuzz\Hussy.Net.FizzBuzz.csproj", "{B62492A5-ABE3-46EF-BE5F-D85A871857BD}"
EndProject
Project("{FAE04EC0-301F-11D3-BF4B-00C04F79EFBC}") = "Hussy.Net.Output", "samples\Hussy.Net.Output\Hussy.Net.Output.csproj", "{8F248FF3-378D-4F9C-8A25-3ED95961A4AB}"
EndProject
Project("{FAE04EC0-301F-11D3-BF4B-00C04F79EFBC}") = "Hussy.Net.Tests", "test\Hussy.Net.Tests\Hussy.Net.Tests.csproj", "{B5087B86-C43C-43F3-B0A2-D23B0480F203}"
EndProject
Project("{2150E333-8FDC-42A3-9474-1A3956D46DE8}") = "test", "test", "{A9FCA40E-6E3D-408C-B5A0-429AA5F5BF6F}"
EndProject
Global
	GlobalSection(SolutionConfigurationPlatforms) = preSolution
		Debug|Any CPU = Debug|Any CPU
		Release|Any CPU = Release|Any CPU
	EndGlobalSection
	GlobalSection(ProjectConfigurationPlatforms) = postSolution
		{14788585-4CAA-415C-8B29-B4E2BBDC9C66}.Debug|Any CPU.ActiveCfg = Debug|Any CPU
		{14788585-4CAA-415C-8B29-B4E2BBDC9C66}.Debug|Any CPU.Build.0 = Debug|Any CPU
		{14788585-4CAA-415C-8B29-B4E2BBDC9C66}.Release|Any CPU.ActiveCfg = Release|Any CPU
		{14788585-4CAA-415C-8B29-B4E2BBDC9C66}.Release|Any CPU.Build.0 = Release|Any CPU
		{D518FE46-8221-4751-9D6A-6CD0E0779A2F}.Debug|Any CPU.ActiveCfg = Debug|Any CPU
		{D518FE46-8221-4751-9D6A-6CD0E0779A2F}.Debug|Any CPU.Build.0 = Debug|Any CPU
		{D518FE46-8221-4751-9D6A-6CD0E0779A2F}.Release|Any CPU.ActiveCfg = Release|Any CPU
		{D518FE46-8221-4751-9D6A-6CD0E0779A2F}.Release|Any CPU.Build.0 = Release|Any CPU
		{F62EF1EB-4853-40E4-AF69-80BB5282270C}.Debug|Any CPU.ActiveCfg = Debug|Any CPU
		{F62EF1EB-4853-40E4-AF69-80BB5282270C}.Debug|Any CPU.Build.0 = Debug|Any CPU
		{F62EF1EB-4853-40E4-AF69-80BB5282270C}.Release|Any CPU.ActiveCfg = Release|Any CPU
		{F62EF1EB-4853-40E4-AF69-80BB5282270C}.Release|Any CPU.Build.0 = Release|Any CPU
		{F04046C8-5B51-46C2-8603-27E402981AF0}.Debug|Any CPU.ActiveCfg = Debug|Any CPU
		{F04046C8-5B51-46C2-8603-27E402981AF0}.Debug|Any CPU.Build.0 = Debug|Any CPU
		{F04046C8-5B51-46C2-8603-27E402981AF0}.Release|Any CPU.ActiveCfg = Release|Any CPU
		{F04046C8-5B51-46C2-8603-27E402981AF0}.Release|Any CPU.Build.0 = Release|Any CPU
		{B62492A5-ABE3-46EF-BE5F-D85A871857BD}.Debug|Any CPU.ActiveCfg = Debug|Any CPU
		{B62492A5-ABE3-46EF-BE5F-D85A871857BD}.Debug|Any CPU.Build.0 = Debug|Any CPU
		{B62492A5-ABE3-46EF-BE5F-D85A871857BD}.Release|Any CPU.ActiveCfg = Release|Any CPU
		{B62492A5-ABE3-46EF-BE5F-D85A871857BD}.Release|Any CPU.Build.0 = Release|Any CPU
		{8F248FF3-378D-4F9C-8A25-3ED95961A4AB}.Debug|Any CPU.ActiveCfg = Debug|Any CPU
		{8F248FF3-378D-4F9C-8A25-3ED95961A4AB}.Debug|Any CPU.Build.0 = Debug|Any CPU
		{8F248FF3-378D-4F9C-8A25-3ED95961A4AB}.Release|Any CPU.ActiveCfg = Release|Any CPU
		{8F248FF3-378D-4F9C-8A25-3ED95961A4AB}.Release|Any CPU.Build.0 = Release|Any CPU
		{B5087B86-C43C-43F3-B0A2-D23B0480F203}.Debug|Any CPU.ActiveCfg = Debug|Any CPU
		{B5087B86-C43C-43F3-B0A2-D23B0480F203}.Debug|Any CPU.Build.0 = Debug|Any CPU
		{B5087B86-C43C-43F3-B0A2-D23B0480F203}.Release|Any CPU.ActiveCfg = Release|Any CPU
		{B5087B86-C43C-43F3-B0A2-D23B0480F203}.Release|Any CPU.Build.0 = Release|Any CPU
	EndGlobalSection
	GlobalSection(NestedProjects) = preSolution
		{14788585-4CAA-415C-8B29-B4E2BBDC9C66} = {B43C73D9-7CA0-4D59-8ABE-AFD9A3F54361}
		{D518FE46-8221-4751-9D6A-6CD0E0779A2F} = {B43C73D9-7CA0-4D59-8ABE-AFD9A3F54361}
		{F62EF1EB-4853-40E4-AF69-80BB5282270C} = {C08B73E3-E9BB-44DE-AE74-647A442780D9}
		{F04046C8-5B51-46C2-8603-27E402981AF0} = {C08B73E3-E9BB-44DE-AE74-647A442780D9}
		{B62492A5-ABE3-46EF-BE5F-D85A871857BD} = {C08B73E3-E9BB-44DE-AE74-647A442780D9}
		{8F248FF3-378D-4F9C-8A25-3ED95961A4AB} = {C08B73E3-E9BB-44DE-AE74-647A442780D9}
		{B5087B86-C43C-43F3-B0A2-D23B0480F203} = {A9FCA40E-6E3D-408C-B5A0-429AA5F5BF6F}
	EndGlobalSection
EndGlobal
